
Microsoft Visual Studio Solution File, Format Version 12.00
# Visual Studio Version 17
VisualStudioVersion = 17.5.33516.290
MinimumVisualStudioVersion = 10.0.40219.1
Project("{FAE04EC0-301F-11D3-BF4B-00C04F79EFBC}") = "Clase_03", "Clase_03\Clase_03.csproj", "{C4BB8809-B66D-45C5-B56D-FA29A7105015}"
EndProject
Global
	GlobalSection(SolutionConfigurationPlatforms) = preSolution
		Debug|Any CPU = Debug|Any CPU
		Release|Any CPU = Release|Any CPU
	EndGlobalSection
	GlobalSection(ProjectConfigurationPlatforms) = postSolution
		{C4BB8809-B66D-45C5-B56D-FA29A7105015}.Debug|Any CPU.ActiveCfg = Debug|Any CPU
		{C4BB8809-B66D-45C5-B56D-FA29A7105015}.Debug|Any CPU.Build.0 = Debug|Any CPU
		{C4BB8809-B66D-45C5-B56D-FA29A7105015}.Release|Any CPU.ActiveCfg = Release|Any CPU
		{C4BB8809-B66D-45C5-B56D-FA29A7105015}.Release|Any CPU.Build.0 = Release|Any CPU
	EndGlobalSection
	GlobalSection(SolutionProperties) = preSolution
		HideSolutionNode = FALSE
	EndGlobalSection
	GlobalSection(ExtensibilityGlobals) = postSolution
		SolutionGuid = {9895FA99-EEFC-470A-8F9A-FF57C13F71BA}
	EndGlobalSection
EndGlobal
